
Microsoft Visual Studio Solution File, Format Version 12.00
# Visual Studio 15
VisualStudioVersion = 15.0.28307.1000
MinimumVisualStudioVersion = 10.0.40219.1
Project("{8BC9CEB8-8B4A-11D0-8D11-00A0C91BC942}") = "删除链表中重复的节点", "删除链表中重复的节点\删除链表中重复的节点.vcxproj", "{26DE6FA3-0DC1-4EFB-938F-E060AC9A5EE4}"
EndProject
Global
	GlobalSection(SolutionConfigurationPlatforms) = preSolution
		Debug|x64 = Debug|x64
		Debug|x86 = Debug|x86
		Release|x64 = Release|x64
		Release|x86 = Release|x86
	EndGlobalSection
	GlobalSection(ProjectConfigurationPlatforms) = postSolution
		{26DE6FA3-0DC1-4EFB-938F-E060AC9A5EE4}.Debug|x64.ActiveCfg = Debug|x64
		{26DE6FA3-0DC1-4EFB-938F-E060AC9A5EE4}.Debug|x64.Build.0 = Debug|x64
		{26DE6FA3-0DC1-4EFB-938F-E060AC9A5EE4}.Debug|x86.ActiveCfg = Debug|Win32
		{26DE6FA3-0DC1-4EFB-938F-E060AC9A5EE4}.Debug|x86.Build.0 = Debug|Win32
		{26DE6FA3-0DC1-4EFB-938F-E060AC9A5EE4}.Release|x64.ActiveCfg = Release|x64
		{26DE6FA3-0DC1-4EFB-938F-E060AC9A5EE4}.Release|x64.Build.0 = Release|x64
		{26DE6FA3-0DC1-4EFB-938F-E060AC9A5EE4}.Release|x86.ActiveCfg = Release|Win32
		{26DE6FA3-0DC1-4EFB-938F-E060AC9A5EE4}.Release|x86.Build.0 = Release|Win32
	EndGlobalSection
	GlobalSection(SolutionProperties) = preSolution
		HideSolutionNode = FALSE
	EndGlobalSection
	GlobalSection(ExtensibilityGlobals) = postSolution
		SolutionGuid = {BC30A90E-432D-4DB7-BB60-75888FA8D0C1}
	EndGlobalSection
EndGlobal
